
Microsoft Visual Studio Solution File, Format Version 12.00
# Visual Studio Version 17
VisualStudioVersion = 17.11.35327.3
MinimumVisualStudioVersion = 10.0.40219.1
Project("{FAE04EC0-301F-11D3-BF4B-00C04F79EFBC}") = "CarInsurance", "CarInsurance\CarInsurance.csproj", "{CF41547E-4FED-4D4F-A3C6-85DAB3310742}"
EndProject
Global
	GlobalSection(SolutionConfigurationPlatforms) = preSolution
		Debug|Any CPU = Debug|Any CPU
		Release|Any CPU = Release|Any CPU
	EndGlobalSection
	GlobalSection(ProjectConfigurationPlatforms) = postSolution
		{CF41547E-4FED-4D4F-A3C6-85DAB3310742}.Debug|Any CPU.ActiveCfg = Debug|Any CPU
		{CF41547E-4FED-4D4F-A3C6-85DAB3310742}.Debug|Any CPU.Build.0 = Debug|Any CPU
		{CF41547E-4FED-4D4F-A3C6-85DAB3310742}.Release|Any CPU.ActiveCfg = Release|Any CPU
		{CF41547E-4FED-4D4F-A3C6-85DAB3310742}.Release|Any CPU.Build.0 = Release|Any CPU
	EndGlobalSection
	GlobalSection(SolutionProperties) = preSolution
		HideSolutionNode = FALSE
	EndGlobalSection
	GlobalSection(ExtensibilityGlobals) = postSolution
		SolutionGuid = {52F68336-2240-4C0E-9636-D97D21DF46F4}
	EndGlobalSection
EndGlobal
